
Microsoft Visual Studio Solution File, Format Version 12.00
# Visual Studio Version 16
VisualStudioVersion = 16.0.31613.86
MinimumVisualStudioVersion = 10.0.40219.1
Project("{FAE04EC0-301F-11D3-BF4B-00C04F79EFBC}") = "APICatalogoJogos", "APICatalogoJogos\APICatalogoJogos.csproj", "{7100E7AC-C30D-4B2F-9609-309357B11974}"
EndProject
Global
	GlobalSection(SolutionConfigurationPlatforms) = preSolution
		Debug|Any CPU = Debug|Any CPU
		Release|Any CPU = Release|Any CPU
	EndGlobalSection
	GlobalSection(ProjectConfigurationPlatforms) = postSolution
		{7100E7AC-C30D-4B2F-9609-309357B11974}.Debug|Any CPU.ActiveCfg = Debug|Any CPU
		{7100E7AC-C30D-4B2F-9609-309357B11974}.Debug|Any CPU.Build.0 = Debug|Any CPU
		{7100E7AC-C30D-4B2F-9609-309357B11974}.Release|Any CPU.ActiveCfg = Release|Any CPU
		{7100E7AC-C30D-4B2F-9609-309357B11974}.Release|Any CPU.Build.0 = Release|Any CPU
	EndGlobalSection
	GlobalSection(SolutionProperties) = preSolution
		HideSolutionNode = FALSE
	EndGlobalSection
	GlobalSection(ExtensibilityGlobals) = postSolution
		SolutionGuid = {DD3B6B10-E29C-4BEA-827B-B429DC606E2B}
	EndGlobalSection
EndGlobal
